// !$*UTF8*$!
{
	archiveVersion = 1;
	classes = {
	};
	objectVersion = 46;
	objects = {

/* Begin PBXBuildFile section */
		7A32C5991C8A70450038CB71 /* UIView+UIViewExtension.m in Sources */ = {isa = PBXBuildFile; fileRef = 7A32C5981C8A70450038CB71 /* UIView+UIViewExtension.m */; };
		7A45B0381C8918B30069369A /* MainModel.m in Sources */ = {isa = PBXBuildFile; fileRef = 7A45B0371C8918B30069369A /* MainModel.m */; };
		7A45B0511C8969FE0069369A /* UIViewController+common.m in Sources */ = {isa = PBXBuildFile; fileRef = 7A45B0501C8969FE0069369A /* UIViewController+common.m */; };
		7A45B0561C8977B20069369A /* WebP.framework in Frameworks */ = {isa = PBXBuildFile; fileRef = 7A45B0551C8977B20069369A /* WebP.framework */; };
		7A47AC7C1C8FBFF8006E5CC8 /* ManHuaViewController.m in Sources */ = {isa = PBXBuildFile; fileRef = 7A47AC7B1C8FBFF8006E5CC8 /* ManHuaViewController.m */; };
		7A47ACC61C90066D006E5CC8 /* CommentsViewController.m in Sources */ = {isa = PBXBuildFile; fileRef = 7A47ACC51C90066D006E5CC8 /* CommentsViewController.m */; };
		7A47AD531C9042D7006E5CC8 /* SqliteManager.m in Sources */ = {isa = PBXBuildFile; fileRef = 7A47AD521C9042D7006E5CC8 /* SqliteManager.m */; };
		7A6ACE3D1C8CFEE2009CDA01 /* YingYuanModel.m in Sources */ = {isa = PBXBuildFile; fileRef = 7A6ACE3C1C8CFEE2009CDA01 /* YingYuanModel.m */; };
		7A6ACE401C8D0ECC009CDA01 /* TwoYingYuanViewController.m in Sources */ = {isa = PBXBuildFile; fileRef = 7A6ACE3F1C8D0ECC009CDA01 /* TwoYingYuanViewController.m */; };
		7A6ACE421C8D1735009CDA01 /* TwoMovies.plist in Resources */ = {isa = PBXBuildFile; fileRef = 7A6ACE411C8D1735009CDA01 /* TwoMovies.plist */; };
		7A6ACE451C8D17D4009CDA01 /* TwoMoviesModel.m in Sources */ = {isa = PBXBuildFile; fileRef = 7A6ACE441C8D17D4009CDA01 /* TwoMoviesModel.m */; };
		7A6ACE491C8D2054009CDA01 /* TwoTableViewCell.m in Sources */ = {isa = PBXBuildFile; fileRef = 7A6ACE471C8D2054009CDA01 /* TwoTableViewCell.m */; };
		7A6ACE4A1C8D2054009CDA01 /* TwoTableViewCell.xib in Resources */ = {isa = PBXBuildFile; fileRef = 7A6ACE481C8D2054009CDA01 /* TwoTableViewCell.xib */; };
		7A6ACE4D1C8D2D5C009CDA01 /* DetailViewController.m in Sources */ = {isa = PBXBuildFile; fileRef = 7A6ACE4C1C8D2D5C009CDA01 /* DetailViewController.m */; };
		7A6ACE561C8D5FDF009CDA01 /* comments.plist in Resources */ = {isa = PBXBuildFile; fileRef = 7A6ACE551C8D5FDF009CDA01 /* comments.plist */; };
		7A6ACE591C8D6E5C009CDA01 /* DetailModel.m in Sources */ = {isa = PBXBuildFile; fileRef = 7A6ACE581C8D6E5C009CDA01 /* DetailModel.m */; };
		7A6ACE5C1C8D8A3A009CDA01 /* VideoViewController.m in Sources */ = {isa = PBXBuildFile; fileRef = 7A6ACE5B1C8D8A3A009CDA01 /* VideoViewController.m */; };
		7A6ACE5F1C8D9F95009CDA01 /* SetViewController.m in Sources */ = {isa = PBXBuildFile; fileRef = 7A6ACE5E1C8D9F95009CDA01 /* SetViewController.m */; };
		7A8869791C89951A00141DC4 /* Property List.plist in Resources */ = {isa = PBXBuildFile; fileRef = 7A8869781C89951A00141DC4 /* Property List.plist */; };
		7A8A4ACE1C8AB1580042E440 /* classView.m in Sources */ = {isa = PBXBuildFile; fileRef = 7A8A4ACD1C8AB1580042E440 /* classView.m */; };
		7A8A4AD11C8ADF450042E440 /* TableViewCell.m in Sources */ = {isa = PBXBuildFile; fileRef = 7A8A4AD01C8ADF450042E440 /* TableViewCell.m */; };
		7AC42C711C8E50C6006117FA /* DetailTableViewCell.m in Sources */ = {isa = PBXBuildFile; fileRef = 7AC42C701C8E50C6006117FA /* DetailTableViewCell.m */; };
		7AC42C761C8E65CB006117FA /* ProgressHUD.bundle in Resources */ = {isa = PBXBuildFile; fileRef = 7AC42C731C8E65CB006117FA /* ProgressHUD.bundle */; };
		7AC42C771C8E65CB006117FA /* ProgressHUD.m in Sources */ = {isa = PBXBuildFile; fileRef = 7AC42C751C8E65CB006117FA /* ProgressHUD.m */; };
		7AC42C7E1C8E6C5E006117FA /* LoginViewController.m in Sources */ = {isa = PBXBuildFile; fileRef = 7AC42C7D1C8E6C5E006117FA /* LoginViewController.m */; };
		7AC42C801C8E6C76006117FA /* login.storyboard in Resources */ = {isa = PBXBuildFile; fileRef = 7AC42C7F1C8E6C76006117FA /* login.storyboard */; };
		7AC42C831C8E7538006117FA /* RegisterViewController.m in Sources */ = {isa = PBXBuildFile; fileRef = 7AC42C821C8E7538006117FA /* RegisterViewController.m */; };
		7AC42C8B1C8EAD7F006117FA /* libWeChatSDK.a in Frameworks */ = {isa = PBXBuildFile; fileRef = 7AC42C881C8EAD7F006117FA /* libWeChatSDK.a */; };
		7AC42C991C8EAD92006117FA /* libWeiboSDK.a in Frameworks */ = {isa = PBXBuildFile; fileRef = 7AC42C8D1C8EAD91006117FA /* libWeiboSDK.a */; };
		7AC42C9A1C8EAD92006117FA /* WeiboSDK.bundle in Resources */ = {isa = PBXBuildFile; fileRef = 7AC42C961C8EAD91006117FA /* WeiboSDK.bundle */; };
		7AC42C9C1C8EB0DA006117FA /* QuartzCore.framework in Frameworks */ = {isa = PBXBuildFile; fileRef = 7AC42C9B1C8EB0DA006117FA /* QuartzCore.framework */; };
		7AC42C9E1C8EB0E4006117FA /* ImageIO.framework in Frameworks */ = {isa = PBXBuildFile; fileRef = 7AC42C9D1C8EB0E4006117FA /* ImageIO.framework */; };
		7AC42CA01C8EB103006117FA /* SystemConfiguration.framework in Frameworks */ = {isa = PBXBuildFile; fileRef = 7AC42C9F1C8EB103006117FA /* SystemConfiguration.framework */; };
		7AC42CA21C8EB111006117FA /* Security.framework in Frameworks */ = {isa = PBXBuildFile; fileRef = 7AC42CA11C8EB111006117FA /* Security.framework */; };
		7AC42CA41C8EB11F006117FA /* CoreTelephony.framework in Frameworks */ = {isa = PBXBuildFile; fileRef = 7AC42CA31C8EB11F006117FA /* CoreTelephony.framework */; };
		7AC42CA61C8EB129006117FA /* CoreText.framework in Frameworks */ = {isa = PBXBuildFile; fileRef = 7AC42CA51C8EB129006117FA /* CoreText.framework */; };
		7AC42CA81C8EB135006117FA /* UIKit.framework in Frameworks */ = {isa = PBXBuildFile; fileRef = 7AC42CA71C8EB135006117FA /* UIKit.framework */; };
		7AC42CAA1C8EB13F006117FA /* Foundation.framework in Frameworks */ = {isa = PBXBuildFile; fileRef = 7AC42CA91C8EB13F006117FA /* Foundation.framework */; };
		7AC42CAC1C8EB147006117FA /* CoreGraphics.framework in Frameworks */ = {isa = PBXBuildFile; fileRef = 7AC42CAB1C8EB147006117FA /* CoreGraphics.framework */; };
		7AC42CAE1C8EB152006117FA /* libz.tbd in Frameworks */ = {isa = PBXBuildFile; fileRef = 7AC42CAD1C8EB152006117FA /* libz.tbd */; };
		7AC42CB01C8EB15E006117FA /* libsqlite3.tbd in Frameworks */ = {isa = PBXBuildFile; fileRef = 7AC42CAF1C8EB15E006117FA /* libsqlite3.tbd */; };
		7AC42CB31C8EB3CE006117FA /* ShareView.m in Sources */ = {isa = PBXBuildFile; fileRef = 7AC42CB21C8EB3CE006117FA /* ShareView.m */; };
		7AC42CB61C8EC7CE006117FA /* ZMYNetManager.m in Sources */ = {isa = PBXBuildFile; fileRef = 7AC42CB41C8EC7CE006117FA /* ZMYNetManager.m */; };
		7AC42CBC1C8EC7D2006117FA /* LICENCE.txt in Resources */ = {isa = PBXBuildFile; fileRef = 7AC42CB81C8EC7D2006117FA /* LICENCE.txt */; };
		7AC42CBD1C8EC7D2006117FA /* Reachability.m in Sources */ = {isa = PBXBuildFile; fileRef = 7AC42CBA1C8EC7D2006117FA /* Reachability.m */; };
		7AC42CBE1C8EC7D2006117FA /* README.md in Sources */ = {isa = PBXBuildFile; fileRef = 7AC42CBB1C8EC7D2006117FA /* README.md */; };
		7AC42CC41C8ED7BB006117FA /* baoDownLoadStoryboard.storyboard in Resources */ = {isa = PBXBuildFile; fileRef = 7AC42CC31C8ED7BB006117FA /* baoDownLoadStoryboard.storyboard */; };
		7AC42CC71C8EEB18006117FA /* DownloadViewController.m in Sources */ = {isa = PBXBuildFile; fileRef = 7AC42CC61C8EEB18006117FA /* DownloadViewController.m */; };
		7AC42CC91C8EF708006117FA /* download.plist in Resources */ = {isa = PBXBuildFile; fileRef = 7AC42CC81C8EF708006117FA /* download.plist */; };
		7AC42CCD1C8EF78F006117FA /* DownloadCollectionViewCell.m in Sources */ = {isa = PBXBuildFile; fileRef = 7AC42CCB1C8EF78F006117FA /* DownloadCollectionViewCell.m */; };
		7AC42CCE1C8EF78F006117FA /* DownloadCollectionViewCell.xib in Resources */ = {isa = PBXBuildFile; fileRef = 7AC42CCC1C8EF78F006117FA /* DownloadCollectionViewCell.xib */; };
		7AC42CD11C8EFD87006117FA /* DownloadModel.m in Sources */ = {isa = PBXBuildFile; fileRef = 7AC42CD01C8EFD87006117FA /* DownloadModel.m */; };
		7AD571021C9248FD00645059 /* CollectionViewController.m in Sources */ = {isa = PBXBuildFile; fileRef = 7AD571011C9248FD00645059 /* CollectionViewController.m */; };
		7AE6D8751C8C210B00116BDA /* BaozouMHViewController.m in Sources */ = {isa = PBXBuildFile; fileRef = 7AE6D8741C8C210B00116BDA /* BaozouMHViewController.m */; };
		7AE6D8781C8C4ECE00116BDA /* BaouYingYuanViewController.m in Sources */ = {isa = PBXBuildFile; fileRef = 7AE6D8771C8C4ECE00116BDA /* BaouYingYuanViewController.m */; };
		7AE6D87C1C8C589600116BDA /* YIngYuanTableViewCell.m in Sources */ = {isa = PBXBuildFile; fileRef = 7AE6D87A1C8C589600116BDA /* YIngYuanTableViewCell.m */; };
		7AE6D87D1C8C589600116BDA /* YIngYuanTableViewCell.xib in Resources */ = {isa = PBXBuildFile; fileRef = 7AE6D87B1C8C589600116BDA /* YIngYuanTableViewCell.xib */; };
		7AE6D87F1C8C5FA600116BDA /* YingYuan.plist in Resources */ = {isa = PBXBuildFile; fileRef = 7AE6D87E1C8C5FA600116BDA /* YingYuan.plist */; };
		7AF931F61C882AE200BC4CE5 /* main.m in Sources */ = {isa = PBXBuildFile; fileRef = 7AF931F51C882AE200BC4CE5 /* main.m */; };
		7AF931F91C882AE200BC4CE5 /* AppDelegate.m in Sources */ = {isa = PBXBuildFile; fileRef = 7AF931F81C882AE200BC4CE5 /* AppDelegate.m */; };
		7AF931FB1C882AE200BC4CE5 /* Assets.xcassets in Resources */ = {isa = PBXBuildFile; fileRef = 7AF931FA1C882AE200BC4CE5 /* Assets.xcassets */; };
		7AF931FE1C882AE200BC4CE5 /* LaunchScreen.storyboard in Resources */ = {isa = PBXBuildFile; fileRef = 7AF931FC1C882AE200BC4CE5 /* LaunchScreen.storyboard */; };
		7AF932181C8839D700BC4CE5 /* MainViewController.m in Sources */ = {isa = PBXBuildFile; fileRef = 7AF932171C8839D700BC4CE5 /* MainViewController.m */; };
		7AF9321A1C8839F600BC4CE5 /* MainStoryboard.storyboard in Resources */ = {isa = PBXBuildFile; fileRef = 7AF932191C8839F600BC4CE5 /* MainStoryboard.storyboard */; };
		7AF9322F1C88443300BC4CE5 /* VOContentLayer.m in Sources */ = {isa = PBXBuildFile; fileRef = 7AF932281C88443200BC4CE5 /* VOContentLayer.m */; };
		7AF932301C88443300BC4CE5 /* VOIndicatorAnimation.m in Sources */ = {isa = PBXBuildFile; fileRef = 7AF9322A1C88443200BC4CE5 /* VOIndicatorAnimation.m */; };
		7AF932311C88443300BC4CE5 /* VOSegment.m in Sources */ = {isa = PBXBuildFile; fileRef = 7AF9322C1C88443200BC4CE5 /* VOSegment.m */; };
		7AF932321C88443300BC4CE5 /* VOSegmentedControl.m in Sources */ = {isa = PBXBuildFile; fileRef = 7AF9322E1C88443300BC4CE5 /* VOSegmentedControl.m */; };
		7AF932381C88446500BC4CE5 /* blueArrow.png in Resources */ = {isa = PBXBuildFile; fileRef = 7AF932341C88446500BC4CE5 /* blueArrow.png */; };
		7AF932391C88446500BC4CE5 /* blueArrowDown.png in Resources */ = {isa = PBXBuildFile; fileRef = 7AF932351C88446500BC4CE5 /* blueArrowDown.png */; };
		7AF9323A1C88446500BC4CE5 /* PullingRefreshTableView.m in Sources */ = {isa = PBXBuildFile; fileRef = 7AF932371C88446500BC4CE5 /* PullingRefreshTableView.m */; settings = {COMPILER_FLAGS = "-fno-objc-arc"; }; };
		BE63EF2F7C230AF27AD1DC9C /* libPods.a in Frameworks */ = {isa = PBXBuildFile; fileRef = 89D4DB577A921702F367B1E5 /* libPods.a */; };
/* End PBXBuildFile section */

/* Begin PBXFileReference section */
		097A899506DA2E1F6F88EA72 /* Pods.release.xcconfig */ = {isa = PBXFileReference; includeInIndex = 1; lastKnownFileType = text.xcconfig; name = Pods.release.xcconfig; path = "Pods/Target Support Files/Pods/Pods.release.xcconfig"; sourceTree = "<group>"; };
		338B6EA17DD01D2BB207D50D /* Pods.debug.xcconfig */ = {isa = PBXFileReference; includeInIndex = 1; lastKnownFileType = text.xcconfig; name = Pods.debug.xcconfig; path = "Pods/Target Support Files/Pods/Pods.debug.xcconfig"; sourceTree = "<group>"; };
		7A32C5971C8A70450038CB71 /* UIView+UIViewExtension.h */ = {isa = PBXFileReference; fileEncoding = 4; lastKnownFileType = sourcecode.c.h; path = "UIView+UIViewExtension.h"; sourceTree = "<group>"; };
		7A32C5981C8A70450038CB71 /* UIView+UIViewExtension.m */ = {isa = PBXFileReference; fileEncoding = 4; lastKnownFileType = sourcecode.c.objc; path = "UIView+UIViewExtension.m"; sourceTree = "<group>"; };
		7A45B0361C8918B30069369A /* MainModel.h */ = {isa = PBXFileReference; fileEncoding = 4; lastKnownFileType = sourcecode.c.h; path = MainModel.h; sourceTree = "<group>"; };
		7A45B0371C8918B30069369A /* MainModel.m */ = {isa = PBXFileReference; fileEncoding = 4; lastKnownFileType = sourcecode.c.objc; path = MainModel.m; sourceTree = "<group>"; };
		7A45B04F1C8969FE0069369A /* UIViewController+common.h */ = {isa = PBXFileReference; fileEncoding = 4; lastKnownFileType = sourcecode.c.h; path = "UIViewController+common.h"; sourceTree = "<group>"; };
		7A45B0501C8969FE0069369A /* UIViewController+common.m */ = {isa = PBXFileReference; fileEncoding = 4; lastKnownFileType = sourcecode.c.objc; path = "UIViewController+common.m"; sourceTree = "<group>"; };
		7A45B0551C8977B20069369A /* WebP.framework */ = {isa = PBXFileReference; lastKnownFileType = wrapper.framework; path = WebP.framework; sourceTree = "<group>"; };
		7A47AC7A1C8FBFF8006E5CC8 /* ManHuaViewController.h */ = {isa = PBXFileReference; fileEncoding = 4; lastKnownFileType = sourcecode.c.h; path = ManHuaViewController.h; sourceTree = "<group>"; };
		7A47AC7B1C8FBFF8006E5CC8 /* ManHuaViewController.m */ = {isa = PBXFileReference; fileEncoding = 4; lastKnownFileType = sourcecode.c.objc; path = ManHuaViewController.m; sourceTree = "<group>"; };
		7A47ACC41C90066D006E5CC8 /* CommentsViewController.h */ = {isa = PBXFileReference; fileEncoding = 4; lastKnownFileType = sourcecode.c.h; path = CommentsViewController.h; sourceTree = "<group>"; };
		7A47ACC51C90066D006E5CC8 /* CommentsViewController.m */ = {isa = PBXFileReference; fileEncoding = 4; lastKnownFileType = sourcecode.c.objc; path = CommentsViewController.m; sourceTree = "<group>"; };
		7A47AD511C9042D7006E5CC8 /* SqliteManager.h */ = {isa = PBXFileReference; fileEncoding = 4; lastKnownFileType = sourcecode.c.h; path = SqliteManager.h; sourceTree = "<group>"; };
		7A47AD521C9042D7006E5CC8 /* SqliteManager.m */ = {isa = PBXFileReference; fileEncoding = 4; lastKnownFileType = sourcecode.c.objc; path = SqliteManager.m; sourceTree = "<group>"; };
		7A6ACE3B1C8CFEE2009CDA01 /* YingYuanModel.h */ = {isa = PBXFileReference; fileEncoding = 4; lastKnownFileType = sourcecode.c.h; path = YingYuanModel.h; sourceTree = "<group>"; };
		7A6ACE3C1C8CFEE2009CDA01 /* YingYuanModel.m */ = {isa = PBXFileReference; fileEncoding = 4; lastKnownFileType = sourcecode.c.objc; path = YingYuanModel.m; sourceTree = "<group>"; };
		7A6ACE3E1C8D0ECC009CDA01 /* TwoYingYuanViewController.h */ = {isa = PBXFileReference; fileEncoding = 4; lastKnownFileType = sourcecode.c.h; path = TwoYingYuanViewController.h; sourceTree = "<group>"; };
		7A6ACE3F1C8D0ECC009CDA01 /* TwoYingYuanViewController.m */ = {isa = PBXFileReference; fileEncoding = 4; lastKnownFileType = sourcecode.c.objc; path = TwoYingYuanViewController.m; sourceTree = "<group>"; };
		7A6ACE411C8D1735009CDA01 /* TwoMovies.plist */ = {isa = PBXFileReference; fileEncoding = 4; lastKnownFileType = text.plist.xml; path = TwoMovies.plist; sourceTree = "<group>"; };
		7A6ACE431C8D17D4009CDA01 /* TwoMoviesModel.h */ = {isa = PBXFileReference; fileEncoding = 4; lastKnownFileType = sourcecode.c.h; path = TwoMoviesModel.h; sourceTree = "<group>"; };
		7A6ACE441C8D17D4009CDA01 /* TwoMoviesModel.m */ = {isa = PBXFileReference; fileEncoding = 4; lastKnownFileType = sourcecode.c.objc; path = TwoMoviesModel.m; sourceTree = "<group>"; };
		7A6ACE461C8D2054009CDA01 /* TwoTableViewCell.h */ = {isa = PBXFileReference; fileEncoding = 4; lastKnownFileType = sourcecode.c.h; path = TwoTableViewCell.h; sourceTree = "<group>"; };
		7A6ACE471C8D2054009CDA01 /* TwoTableViewCell.m */ = {isa = PBXFileReference; fileEncoding = 4; lastKnownFileType = sourcecode.c.objc; path = TwoTableViewCell.m; sourceTree = "<group>"; };
		7A6ACE481C8D2054009CDA01 /* TwoTableViewCell.xib */ = {isa = PBXFileReference; fileEncoding = 4; lastKnownFileType = file.xib; path = TwoTableViewCell.xib; sourceTree = "<group>"; };
		7A6ACE4B1C8D2D5C009CDA01 /* DetailViewController.h */ = {isa = PBXFileReference; fileEncoding = 4; lastKnownFileType = sourcecode.c.h; path = DetailViewController.h; sourceTree = "<group>"; };
		7A6ACE4C1C8D2D5C009CDA01 /* DetailViewController.m */ = {isa = PBXFileReference; fileEncoding = 4; lastKnownFileType = sourcecode.c.objc; path = DetailViewController.m; sourceTree = "<group>"; };
		7A6ACE551C8D5FDF009CDA01 /* comments.plist */ = {isa = PBXFileReference; fileEncoding = 4; lastKnownFileType = text.plist.xml; path = comments.plist; sourceTree = "<group>"; };
		7A6ACE571C8D6E5C009CDA01 /* DetailModel.h */ = {isa = PBXFileReference; fileEncoding = 4; lastKnownFileType = sourcecode.c.h; path = DetailModel.h; sourceTree = "<group>"; };
		7A6ACE581C8D6E5C009CDA01 /* DetailModel.m */ = {isa = PBXFileReference; fileEncoding = 4; lastKnownFileType = sourcecode.c.objc; path = DetailModel.m; sourceTree = "<group>"; };
		7A6ACE5A1C8D8A3A009CDA01 /* VideoViewController.h */ = {isa = PBXFileReference; fileEncoding = 4; lastKnownFileType = sourcecode.c.h; path = VideoViewController.h; sourceTree = "<group>"; };
		7A6ACE5B1C8D8A3A009CDA01 /* VideoViewController.m */ = {isa = PBXFileReference; fileEncoding = 4; lastKnownFileType = sourcecode.c.objc; path = VideoViewController.m; sourceTree = "<group>"; };
		7A6ACE5D1C8D9F95009CDA01 /* SetViewController.h */ = {isa = PBXFileReference; fileEncoding = 4; lastKnownFileType = sourcecode.c.h; path = SetViewController.h; sourceTree = "<group>"; };
		7A6ACE5E1C8D9F95009CDA01 /* SetViewController.m */ = {isa = PBXFileReference; fileEncoding = 4; lastKnownFileType = sourcecode.c.objc; path = SetViewController.m; sourceTree = "<group>"; };
		7A8869781C89951A00141DC4 /* Property List.plist */ = {isa = PBXFileReference; fileEncoding = 4; lastKnownFileType = text.plist.xml; path = "Property List.plist"; sourceTree = "<group>"; };
		7A8A4ACC1C8AB1580042E440 /* classView.h */ = {isa = PBXFileReference; fileEncoding = 4; lastKnownFileType = sourcecode.c.h; path = classView.h; sourceTree = "<group>"; };
		7A8A4ACD1C8AB1580042E440 /* classView.m */ = {isa = PBXFileReference; fileEncoding = 4; lastKnownFileType = sourcecode.c.objc; path = classView.m; sourceTree = "<group>"; };
		7A8A4ACF1C8ADF450042E440 /* TableViewCell.h */ = {isa = PBXFileReference; fileEncoding = 4; lastKnownFileType = sourcecode.c.h; path = TableViewCell.h; sourceTree = "<group>"; };
		7A8A4AD01C8ADF450042E440 /* TableViewCell.m */ = {isa = PBXFileReference; fileEncoding = 4; lastKnownFileType = sourcecode.c.objc; path = TableViewCell.m; sourceTree = "<group>"; };
		7AC42C6F1C8E50C6006117FA /* DetailTableViewCell.h */ = {isa = PBXFileReference; fileEncoding = 4; lastKnownFileType = sourcecode.c.h; path = DetailTableViewCell.h; sourceTree = "<group>"; };
		7AC42C701C8E50C6006117FA /* DetailTableViewCell.m */ = {isa = PBXFileReference; fileEncoding = 4; lastKnownFileType = sourcecode.c.objc; path = DetailTableViewCell.m; sourceTree = "<group>"; };
		7AC42C731C8E65CB006117FA /* ProgressHUD.bundle */ = {isa = PBXFileReference; lastKnownFileType = "wrapper.plug-in"; path = ProgressHUD.bundle; sourceTree = "<group>"; };
		7AC42C741C8E65CB006117FA /* ProgressHUD.h */ = {isa = PBXFileReference; fileEncoding = 4; lastKnownFileType = sourcecode.c.h; path = ProgressHUD.h; sourceTree = "<group>"; };
		7AC42C751C8E65CB006117FA /* ProgressHUD.m */ = {isa = PBXFileReference; fileEncoding = 4; lastKnownFileType = sourcecode.c.objc; path = ProgressHUD.m; sourceTree = "<group>"; };
		7AC42C7C1C8E6C5E006117FA /* LoginViewController.h */ = {isa = PBXFileReference; fileEncoding = 4; lastKnownFileType = sourcecode.c.h; path = LoginViewController.h; sourceTree = "<group>"; };
		7AC42C7D1C8E6C5E006117FA /* LoginViewController.m */ = {isa = PBXFileReference; fileEncoding = 4; lastKnownFileType = sourcecode.c.objc; path = LoginViewController.m; sourceTree = "<group>"; };
		7AC42C7F1C8E6C76006117FA /* login.storyboard */ = {isa = PBXFileReference; fileEncoding = 4; lastKnownFileType = file.storyboard; path = login.storyboard; sourceTree = "<group>"; };
		7AC42C811C8E7538006117FA /* RegisterViewController.h */ = {isa = PBXFileReference; fileEncoding = 4; lastKnownFileType = sourcecode.c.h; path = RegisterViewController.h; sourceTree = "<group>"; };
		7AC42C821C8E7538006117FA /* RegisterViewController.m */ = {isa = PBXFileReference; fileEncoding = 4; lastKnownFileType = sourcecode.c.objc; path = RegisterViewController.m; sourceTree = "<group>"; };
		7AC42C881C8EAD7F006117FA /* libWeChatSDK.a */ = {isa = PBXFileReference; lastKnownFileType = archive.ar; path = libWeChatSDK.a; sourceTree = "<group>"; };
		7AC42C891C8EAD7F006117FA /* WXApi.h */ = {isa = PBXFileReference; fileEncoding = 4; lastKnownFileType = sourcecode.c.h; path = WXApi.h; sourceTree = "<group>"; };
		7AC42C8A1C8EAD7F006117FA /* WXApiObject.h */ = {isa = PBXFileReference; fileEncoding = 4; lastKnownFileType = sourcecode.c.h; path = WXApiObject.h; sourceTree = "<group>"; };
		7AC42C8D1C8EAD91006117FA /* libWeiboSDK.a */ = {isa = PBXFileReference; lastKnownFileType = archive.ar; path = libWeiboSDK.a; sourceTree = "<group>"; };
		7AC42C8E1C8EAD91006117FA /* WBHttpRequest+WeiboGame.h */ = {isa = PBXFileReference; fileEncoding = 4; lastKnownFileType = sourcecode.c.h; path = "WBHttpRequest+WeiboGame.h"; sourceTree = "<group>"; };
		7AC42C8F1C8EAD91006117FA /* WBHttpRequest+WeiboShare.h */ = {isa = PBXFileReference; fileEncoding = 4; lastKnownFileType = sourcecode.c.h; path = "WBHttpRequest+WeiboShare.h"; sourceTree = "<group>"; };
		7AC42C901C8EAD91006117FA /* WBHttpRequest+WeiboToken.h */ = {isa = PBXFileReference; fileEncoding = 4; lastKnownFileType = sourcecode.c.h; path = "WBHttpRequest+WeiboToken.h"; sourceTree = "<group>"; };
		7AC42C911C8EAD91006117FA /* WBHttpRequest+WeiboUser.h */ = {isa = PBXFileReference; fileEncoding = 4; lastKnownFileType = sourcecode.c.h; path = "WBHttpRequest+WeiboUser.h"; sourceTree = "<group>"; };
		7AC42C921C8EAD91006117FA /* WBHttpRequest.h */ = {isa = PBXFileReference; fileEncoding = 4; lastKnownFileType = sourcecode.c.h; path = WBHttpRequest.h; sourceTree = "<group>"; };
		7AC42C931C8EAD91006117FA /* WBSDKBasicButton.h */ = {isa = PBXFileReference; fileEncoding = 4; lastKnownFileType = sourcecode.c.h; path = WBSDKBasicButton.h; sourceTree = "<group>"; };
		7AC42C941C8EAD91006117FA /* WBSDKCommentButton.h */ = {isa = PBXFileReference; fileEncoding = 4; lastKnownFileType = sourcecode.c.h; path = WBSDKCommentButton.h; sourceTree = "<group>"; };
		7AC42C951C8EAD91006117FA /* WBSDKRelationshipButton.h */ = {isa = PBXFileReference; fileEncoding = 4; lastKnownFileType = sourcecode.c.h; path = WBSDKRelationshipButton.h; sourceTree = "<group>"; };
		7AC42C961C8EAD91006117FA /* WeiboSDK.bundle */ = {isa = PBXFileReference; lastKnownFileType = "wrapper.plug-in"; path = WeiboSDK.bundle; sourceTree = "<group>"; };
		7AC42C971C8EAD92006117FA /* WeiboSDK.h */ = {isa = PBXFileReference; fileEncoding = 4; lastKnownFileType = sourcecode.c.h; path = WeiboSDK.h; sourceTree = "<group>"; };
		7AC42C981C8EAD92006117FA /* WeiboUser.h */ = {isa = PBXFileReference; fileEncoding = 4; lastKnownFileType = sourcecode.c.h; path = WeiboUser.h; sourceTree = "<group>"; };
		7AC42C9B1C8EB0DA006117FA /* QuartzCore.framework */ = {isa = PBXFileReference; lastKnownFileType = wrapper.framework; name = QuartzCore.framework; path = System/Library/Frameworks/QuartzCore.framework; sourceTree = SDKROOT; };
		7AC42C9D1C8EB0E4006117FA /* ImageIO.framework */ = {isa = PBXFileReference; lastKnownFileType = wrapper.framework; name = ImageIO.framework; path = System/Library/Frameworks/ImageIO.framework; sourceTree = SDKROOT; };
		7AC42C9F1C8EB103006117FA /* SystemConfiguration.framework */ = {isa = PBXFileReference; lastKnownFileType = wrapper.framework; name = SystemConfiguration.framework; path = System/Library/Frameworks/SystemConfiguration.framework; sourceTree = SDKROOT; };
		7AC42CA11C8EB111006117FA /* Security.framework */ = {isa = PBXFileReference; lastKnownFileType = wrapper.framework; name = Security.framework; path = System/Library/Frameworks/Security.framework; sourceTree = SDKROOT; };
		7AC42CA31C8EB11F006117FA /* CoreTelephony.framework */ = {isa = PBXFileReference; lastKnownFileType = wrapper.framework; name = CoreTelephony.framework; path = System/Library/Frameworks/CoreTelephony.framework; sourceTree = SDKROOT; };
		7AC42CA51C8EB129006117FA /* CoreText.framework */ = {isa = PBXFileReference; lastKnownFileType = wrapper.framework; name = CoreText.framework; path = System/Library/Frameworks/CoreText.framework; sourceTree = SDKROOT; };
		7AC42CA71C8EB135006117FA /* UIKit.framework */ = {isa = PBXFileReference; lastKnownFileType = wrapper.framework; name = UIKit.framework; path = System/Library/Frameworks/UIKit.framework; sourceTree = SDKROOT; };
		7AC42CA91C8EB13F006117FA /* Foundation.framework */ = {isa = PBXFileReference; lastKnownFileType = wrapper.framework; name = Foundation.framework; path = System/Library/Frameworks/Foundation.framework; sourceTree = SDKROOT; };
		7AC42CAB1C8EB147006117FA /* CoreGraphics.framework */ = {isa = PBXFileReference; lastKnownFileType = wrapper.framework; name = CoreGraphics.framework; path = System/Library/Frameworks/CoreGraphics.framework; sourceTree = SDKROOT; };
		7AC42CAD1C8EB152006117FA /* libz.tbd */ = {isa = PBXFileReference; lastKnownFileType = "sourcecode.text-based-dylib-definition"; name = libz.tbd; path = usr/lib/libz.tbd; sourceTree = SDKROOT; };
		7AC42CAF1C8EB15E006117FA /* libsqlite3.tbd */ = {isa = PBXFileReference; lastKnownFileType = "sourcecode.text-based-dylib-definition"; name = libsqlite3.tbd; path = usr/lib/libsqlite3.tbd; sourceTree = SDKROOT; };
		7AC42CB11C8EB3CE006117FA /* ShareView.h */ = {isa = PBXFileReference; fileEncoding = 4; lastKnownFileType = sourcecode.c.h; path = ShareView.h; sourceTree = "<group>"; };
		7AC42CB21C8EB3CE006117FA /* ShareView.m */ = {isa = PBXFileReference; fileEncoding = 4; lastKnownFileType = sourcecode.c.objc; path = ShareView.m; sourceTree = "<group>"; };
		7AC42CB41C8EC7CE006117FA /* ZMYNetManager.m */ = {isa = PBXFileReference; fileEncoding = 4; lastKnownFileType = sourcecode.c.objc; path = ZMYNetManager.m; sourceTree = "<group>"; };
		7AC42CB51C8EC7CE006117FA /* ZMYNetManager.h */ = {isa = PBXFileReference; fileEncoding = 4; lastKnownFileType = sourcecode.c.h; path = ZMYNetManager.h; sourceTree = "<group>"; };
		7AC42CB81C8EC7D2006117FA /* LICENCE.txt */ = {isa = PBXFileReference; fileEncoding = 4; lastKnownFileType = text; path = LICENCE.txt; sourceTree = "<group>"; };
		7AC42CB91C8EC7D2006117FA /* Reachability.h */ = {isa = PBXFileReference; fileEncoding = 4; lastKnownFileType = sourcecode.c.h; path = Reachability.h; sourceTree = "<group>"; };
		7AC42CBA1C8EC7D2006117FA /* Reachability.m */ = {isa = PBXFileReference; fileEncoding = 4; lastKnownFileType = sourcecode.c.objc; path = Reachability.m; sourceTree = "<group>"; };
		7AC42CBB1C8EC7D2006117FA /* README.md */ = {isa = PBXFileReference; fileEncoding = 4; lastKnownFileType = net.daringfireball.markdown; path = README.md; sourceTree = "<group>"; };
		7AC42CC31C8ED7BB006117FA /* baoDownLoadStoryboard.storyboard */ = {isa = PBXFileReference; fileEncoding = 4; lastKnownFileType = file.storyboard; path = baoDownLoadStoryboard.storyboard; sourceTree = "<group>"; };
		7AC42CC51C8EEB18006117FA /* DownloadViewController.h */ = {isa = PBXFileReference; fileEncoding = 4; lastKnownFileType = sourcecode.c.h; path = DownloadViewController.h; sourceTree = "<group>"; };
		7AC42CC61C8EEB18006117FA /* DownloadViewController.m */ = {isa = PBXFileReference; fileEncoding = 4; lastKnownFileType = sourcecode.c.objc; path = DownloadViewController.m; sourceTree = "<group>"; };
		7AC42CC81C8EF708006117FA /* download.plist */ = {isa = PBXFileReference; fileEncoding = 4; lastKnownFileType = text.plist.xml; path = download.plist; sourceTree = "<group>"; };
		7AC42CCA1C8EF78F006117FA /* DownloadCollectionViewCell.h */ = {isa = PBXFileReference; fileEncoding = 4; lastKnownFileType = sourcecode.c.h; path = DownloadCollectionViewCell.h; sourceTree = "<group>"; };
		7AC42CCB1C8EF78F006117FA /* DownloadCollectionViewCell.m */ = {isa = PBXFileReference; fileEncoding = 4; lastKnownFileType = sourcecode.c.objc; path = DownloadCollectionViewCell.m; sourceTree = "<group>"; };
		7AC42CCC1C8EF78F006117FA /* DownloadCollectionViewCell.xib */ = {isa = PBXFileReference; fileEncoding = 4; lastKnownFileType = file.xib; path = DownloadCollectionViewCell.xib; sourceTree = "<group>"; };
		7AC42CCF1C8EFD87006117FA /* DownloadModel.h */ = {isa = PBXFileReference; fileEncoding = 4; lastKnownFileType = sourcecode.c.h; path = DownloadModel.h; sourceTree = "<group>"; };
		7AC42CD01C8EFD87006117FA /* DownloadModel.m */ = {isa = PBXFileReference; fileEncoding = 4; lastKnownFileType = sourcecode.c.objc; path = DownloadModel.m; sourceTree = "<group>"; };
		7AD571001C9248FC00645059 /* CollectionViewController.h */ = {isa = PBXFileReference; fileEncoding = 4; lastKnownFileType = sourcecode.c.h; path = CollectionViewController.h; sourceTree = "<group>"; };
		7AD571011C9248FD00645059 /* CollectionViewController.m */ = {isa = PBXFileReference; fileEncoding = 4; lastKnownFileType = sourcecode.c.objc; path = CollectionViewController.m; sourceTree = "<group>"; };
		7AE6D8731C8C210B00116BDA /* BaozouMHViewController.h */ = {isa = PBXFileReference; fileEncoding = 4; lastKnownFileType = sourcecode.c.h; path = BaozouMHViewController.h; sourceTree = "<group>"; };
		7AE6D8741C8C210B00116BDA /* BaozouMHViewController.m */ = {isa = PBXFileReference; fileEncoding = 4; lastKnownFileType = sourcecode.c.objc; path = BaozouMHViewController.m; sourceTree = "<group>"; };
		7AE6D8761C8C4ECE00116BDA /* BaouYingYuanViewController.h */ = {isa = PBXFileReference; fileEncoding = 4; lastKnownFileType = sourcecode.c.h; path = BaouYingYuanViewController.h; sourceTree = "<group>"; };
		7AE6D8771C8C4ECE00116BDA /* BaouYingYuanViewController.m */ = {isa = PBXFileReference; fileEncoding = 4; lastKnownFileType = sourcecode.c.objc; path = BaouYingYuanViewController.m; sourceTree = "<group>"; };
		7AE6D8791C8C589600116BDA /* YIngYuanTableViewCell.h */ = {isa = PBXFileReference; fileEncoding = 4; lastKnownFileType = sourcecode.c.h; path = YIngYuanTableViewCell.h; sourceTree = "<group>"; };
		7AE6D87A1C8C589600116BDA /* YIngYuanTableViewCell.m */ = {isa = PBXFileReference; fileEncoding = 4; lastKnownFileType = sourcecode.c.objc; path = YIngYuanTableViewCell.m; sourceTree = "<group>"; };
		7AE6D87B1C8C589600116BDA /* YIngYuanTableViewCell.xib */ = {isa = PBXFileReference; fileEncoding = 4; lastKnownFileType = file.xib; path = YIngYuanTableViewCell.xib; sourceTree = "<group>"; };
		7AE6D87E1C8C5FA600116BDA /* YingYuan.plist */ = {isa = PBXFileReference; fileEncoding = 4; lastKnownFileType = text.plist.xml; path = YingYuan.plist; sourceTree = "<group>"; };
		7AF931F11C882AE100BC4CE5 /* HAHAManhua.app */ = {isa = PBXFileReference; explicitFileType = wrapper.application; includeInIndex = 0; path = HAHAManhua.app; sourceTree = BUILT_PRODUCTS_DIR; };
		7AF931F51C882AE200BC4CE5 /* main.m */ = {isa = PBXFileReference; lastKnownFileType = sourcecode.c.objc; path = main.m; sourceTree = "<group>"; };
		7AF931F71C882AE200BC4CE5 /* AppDelegate.h */ = {isa = PBXFileReference; lastKnownFileType = sourcecode.c.h; path = AppDelegate.h; sourceTree = "<group>"; };
		7AF931F81C882AE200BC4CE5 /* AppDelegate.m */ = {isa = PBXFileReference; lastKnownFileType = sourcecode.c.objc; path = AppDelegate.m; sourceTree = "<group>"; };
		7AF931FA1C882AE200BC4CE5 /* Assets.xcassets */ = {isa = PBXFileReference; lastKnownFileType = folder.assetcatalog; path = Assets.xcassets; sourceTree = "<group>"; };
		7AF931FD1C882AE200BC4CE5 /* Base */ = {isa = PBXFileReference; lastKnownFileType = file.storyboard; name = Base; path = Base.lproj/LaunchScreen.storyboard; sourceTree = "<group>"; };
		7AF931FF1C882AE200BC4CE5 /* Info.plist */ = {isa = PBXFileReference; lastKnownFileType = text.plist.xml; path = Info.plist; sourceTree = "<group>"; };
		7AF932161C8839D700BC4CE5 /* MainViewController.h */ = {isa = PBXFileReference; fileEncoding = 4; lastKnownFileType = sourcecode.c.h; path = MainViewController.h; sourceTree = "<group>"; };
		7AF932171C8839D700BC4CE5 /* MainViewController.m */ = {isa = PBXFileReference; fileEncoding = 4; lastKnownFileType = sourcecode.c.objc; path = MainViewController.m; sourceTree = "<group>"; };
		7AF932191C8839F600BC4CE5 /* MainStoryboard.storyboard */ = {isa = PBXFileReference; fileEncoding = 4; lastKnownFileType = file.storyboard; path = MainStoryboard.storyboard; sourceTree = "<group>"; };
		7AF9321B1C883A2000BC4CE5 /* Prefix.pch */ = {isa = PBXFileReference; fileEncoding = 4; lastKnownFileType = sourcecode.c.h; path = Prefix.pch; sourceTree = "<group>"; };
		7AF932271C88443200BC4CE5 /* VOContentLayer.h */ = {isa = PBXFileReference; fileEncoding = 4; lastKnownFileType = sourcecode.c.h; path = VOContentLayer.h; sourceTree = "<group>"; };
		7AF932281C88443200BC4CE5 /* VOContentLayer.m */ = {isa = PBXFileReference; fileEncoding = 4; lastKnownFileType = sourcecode.c.objc; path = VOContentLayer.m; sourceTree = "<group>"; };
		7AF932291C88443200BC4CE5 /* VOIndicatorAnimation.h */ = {isa = PBXFileReference; fileEncoding = 4; lastKnownFileType = sourcecode.c.h; path = VOIndicatorAnimation.h; sourceTree = "<group>"; };
		7AF9322A1C88443200BC4CE5 /* VOIndicatorAnimation.m */ = {isa = PBXFileReference; fileEncoding = 4; lastKnownFileType = sourcecode.c.objc; path = VOIndicatorAnimation.m; sourceTree = "<group>"; };
		7AF9322B1C88443200BC4CE5 /* VOSegment.h */ = {isa = PBXFileReference; fileEncoding = 4; lastKnownFileType = sourcecode.c.h; path = VOSegment.h; sourceTree = "<group>"; };
		7AF9322C1C88443200BC4CE5 /* VOSegment.m */ = {isa = PBXFileReference; fileEncoding = 4; lastKnownFileType = sourcecode.c.objc; path = VOSegment.m; sourceTree = "<group>"; };
		7AF9322D1C88443300BC4CE5 /* VOSegmentedControl.h */ = {isa = PBXFileReference; fileEncoding = 4; lastKnownFileType = sourcecode.c.h; path = VOSegmentedControl.h; sourceTree = "<group>"; };
		7AF9322E1C88443300BC4CE5 /* VOSegmentedControl.m */ = {isa = PBXFileReference; fileEncoding = 4; lastKnownFileType = sourcecode.c.objc; path = VOSegmentedControl.m; sourceTree = "<group>"; };
		7AF932341C88446500BC4CE5 /* blueArrow.png */ = {isa = PBXFileReference; lastKnownFileType = image.png; path = blueArrow.png; sourceTree = "<group>"; };
		7AF932351C88446500BC4CE5 /* blueArrowDown.png */ = {isa = PBXFileReference; lastKnownFileType = image.png; path = blueArrowDown.png; sourceTree = "<group>"; };
		7AF932361C88446500BC4CE5 /* PullingRefreshTableView.h */ = {isa = PBXFileReference; fileEncoding = 4; lastKnownFileType = sourcecode.c.h; path = PullingRefreshTableView.h; sourceTree = "<group>"; };
		7AF932371C88446500BC4CE5 /* PullingRefreshTableView.m */ = {isa = PBXFileReference; fileEncoding = 4; lastKnownFileType = sourcecode.c.objc; path = PullingRefreshTableView.m; sourceTree = "<group>"; };
		7AF932401C8867C500BC4CE5 /* HADefine.h */ = {isa = PBXFileReference; fileEncoding = 4; lastKnownFileType = sourcecode.c.h; path = HADefine.h; sourceTree = "<group>"; };
		89D4DB577A921702F367B1E5 /* libPods.a */ = {isa = PBXFileReference; explicitFileType = archive.ar; includeInIndex = 0; path = libPods.a; sourceTree = BUILT_PRODUCTS_DIR; };
/* End PBXFileReference section */

/* Begin PBXFrameworksBuildPhase section */
		7AF931EE1C882AE100BC4CE5 /* Frameworks */ = {
			isa = PBXFrameworksBuildPhase;
			buildActionMask = 2147483647;
			files = (
				7AC42CB01C8EB15E006117FA /* libsqlite3.tbd in Frameworks */,
				7AC42CAE1C8EB152006117FA /* libz.tbd in Frameworks */,
				7AC42CAC1C8EB147006117FA /* CoreGraphics.framework in Frameworks */,
				7AC42CAA1C8EB13F006117FA /* Foundation.framework in Frameworks */,
				7AC42CA81C8EB135006117FA /* UIKit.framework in Frameworks */,
				7AC42CA61C8EB129006117FA /* CoreText.framework in Frameworks */,
				7AC42CA41C8EB11F006117FA /* CoreTelephony.framework in Frameworks */,
				7AC42CA21C8EB111006117FA /* Security.framework in Frameworks */,
				7AC42CA01C8EB103006117FA /* SystemConfiguration.framework in Frameworks */,
				7AC42C9E1C8EB0E4006117FA /* ImageIO.framework in Frameworks */,
				7AC42C9C1C8EB0DA006117FA /* QuartzCore.framework in Frameworks */,
				7A45B0561C8977B20069369A /* WebP.framework in Frameworks */,
				BE63EF2F7C230AF27AD1DC9C /* libPods.a in Frameworks */,
				7AC42C8B1C8EAD7F006117FA /* libWeChatSDK.a in Frameworks */,
				7AC42C991C8EAD92006117FA /* libWeiboSDK.a in Frameworks */,
			);
			runOnlyForDeploymentPostprocessing = 0;
		};
/* End PBXFrameworksBuildPhase section */

/* Begin PBXGroup section */
		5628159AF573E6B419BFF384 /* Frameworks */ = {
			isa = PBXGroup;
			children = (
				7AC42CAF1C8EB15E006117FA /* libsqlite3.tbd */,
				7AC42CAD1C8EB152006117FA /* libz.tbd */,
				7AC42CAB1C8EB147006117FA /* CoreGraphics.framework */,
				7AC42CA91C8EB13F006117FA /* Foundation.framework */,
				7AC42CA71C8EB135006117FA /* UIKit.framework */,
				7AC42CA51C8EB129006117FA /* CoreText.framework */,
				7AC42CA31C8EB11F006117FA /* CoreTelephony.framework */,
				7AC42CA11C8EB111006117FA /* Security.framework */,
				7AC42C9F1C8EB103006117FA /* SystemConfiguration.framework */,
				7AC42C9D1C8EB0E4006117FA /* ImageIO.framework */,
				7AC42C9B1C8EB0DA006117FA /* QuartzCore.framework */,
				7A45B0551C8977B20069369A /* WebP.framework */,
				89D4DB577A921702F367B1E5 /* libPods.a */,
			);
			name = Frameworks;
			sourceTree = "<group>";
		};
		7AC42C721C8E65CB006117FA /* ProgressHUD */ = {
			isa = PBXGroup;
			children = (
				7AC42C731C8E65CB006117FA /* ProgressHUD.bundle */,
				7AC42C741C8E65CB006117FA /* ProgressHUD.h */,
				7AC42C751C8E65CB006117FA /* ProgressHUD.m */,
			);
			path = ProgressHUD;
			sourceTree = "<group>";
		};
		7AC42C781C8E6C03006117FA /* login */ = {
			isa = PBXGroup;
			children = (
				7AC42C791C8E6C03006117FA /* Modeles */,
				7AC42C7A1C8E6C03006117FA /* ViewControllers */,
				7AC42C7B1C8E6C03006117FA /* Views */,
			);
			path = login;
			sourceTree = "<group>";
		};
		7AC42C791C8E6C03006117FA /* Modeles */ = {
			isa = PBXGroup;
			children = (
			);
			path = Modeles;
			sourceTree = "<group>";
		};
		7AC42C7A1C8E6C03006117FA /* ViewControllers */ = {
			isa = PBXGroup;
			children = (
				7AC42C7C1C8E6C5E006117FA /* LoginViewController.h */,
				7AC42C7D1C8E6C5E006117FA /* LoginViewController.m */,
				7AC42C811C8E7538006117FA /* RegisterViewController.h */,
				7AC42C821C8E7538006117FA /* RegisterViewController.m */,
			);
			path = ViewControllers;
			sourceTree = "<group>";
		};
		7AC42C7B1C8E6C03006117FA /* Views */ = {
			isa = PBXGroup;
			children = (
				7AC42C7F1C8E6C76006117FA /* login.storyboard */,
			);
			path = Views;
			sourceTree = "<group>";
		};
		7AC42C871C8EAD7F006117FA /* SDKExport */ = {
			isa = PBXGroup;
			children = (
				7AC42C881C8EAD7F006117FA /* libWeChatSDK.a */,
				7AC42C891C8EAD7F006117FA /* WXApi.h */,
				7AC42C8A1C8EAD7F006117FA /* WXApiObject.h */,
			);
			path = SDKExport;
			sourceTree = "<group>";
		};
		7AC42C8C1C8EAD91006117FA /* libWeiboSDK */ = {
			isa = PBXGroup;
			children = (
				7AC42C8D1C8EAD91006117FA /* libWeiboSDK.a */,
				7AC42C8E1C8EAD91006117FA /* WBHttpRequest+WeiboGame.h */,
				7AC42C8F1C8EAD91006117FA /* WBHttpRequest+WeiboShare.h */,
				7AC42C901C8EAD91006117FA /* WBHttpRequest+WeiboToken.h */,
				7AC42C911C8EAD91006117FA /* WBHttpRequest+WeiboUser.h */,
				7AC42C921C8EAD91006117FA /* WBHttpRequest.h */,
				7AC42C931C8EAD91006117FA /* WBSDKBasicButton.h */,
				7AC42C941C8EAD91006117FA /* WBSDKCommentButton.h */,
				7AC42C951C8EAD91006117FA /* WBSDKRelationshipButton.h */,
				7AC42C961C8EAD91006117FA /* WeiboSDK.bundle */,
				7AC42C971C8EAD92006117FA /* WeiboSDK.h */,
				7AC42C981C8EAD92006117FA /* WeiboUser.h */,
			);
			path = libWeiboSDK;
			sourceTree = "<group>";
		};
		7AC42CB71C8EC7D2006117FA /* Reachability */ = {
			isa = PBXGroup;
			children = (
				7AC42CB81C8EC7D2006117FA /* LICENCE.txt */,
				7AC42CB91C8EC7D2006117FA /* Reachability.h */,
				7AC42CBA1C8EC7D2006117FA /* Reachability.m */,
				7AC42CBB1C8EC7D2006117FA /* README.md */,
			);
			path = Reachability;
			sourceTree = "<group>";
		};
		7AC42CBF1C8ED74E006117FA /* baoDownLoad */ = {
			isa = PBXGroup;
			children = (
				7AC42CC01C8ED74E006117FA /* Modeles */,
				7AC42CC11C8ED74E006117FA /* ViewControlleres */,
				7AC42CC21C8ED74E006117FA /* Views */,
			);
			path = baoDownLoad;
			sourceTree = "<group>";
		};
		7AC42CC01C8ED74E006117FA /* Modeles */ = {
			isa = PBXGroup;
			children = (
				7AC42CC81C8EF708006117FA /* download.plist */,
				7AC42CCF1C8EFD87006117FA /* DownloadModel.h */,
				7AC42CD01C8EFD87006117FA /* DownloadModel.m */,
			);
			path = Modeles;
			sourceTree = "<group>";
		};
		7AC42CC11C8ED74E006117FA /* ViewControlleres */ = {
			isa = PBXGroup;
			children = (
				7AC42CC51C8EEB18006117FA /* DownloadViewController.h */,
				7AC42CC61C8EEB18006117FA /* DownloadViewController.m */,
				7A47AC7A1C8FBFF8006E5CC8 /* ManHuaViewController.h */,
				7A47AC7B1C8FBFF8006E5CC8 /* ManHuaViewController.m */,
			);
			path = ViewControlleres;
			sourceTree = "<group>";
		};
		7AC42CC21C8ED74E006117FA /* Views */ = {
			isa = PBXGroup;
			children = (
				7AC42CC31C8ED7BB006117FA /* baoDownLoadStoryboard.storyboard */,
				7AC42CCA1C8EF78F006117FA /* DownloadCollectionViewCell.h */,
				7AC42CCB1C8EF78F006117FA /* DownloadCollectionViewCell.m */,
				7AC42CCC1C8EF78F006117FA /* DownloadCollectionViewCell.xib */,
			);
			path = Views;
			sourceTree = "<group>";
		};
		7AF931E81C882AE100BC4CE5 = {
			isa = PBXGroup;
			children = (
				7AF931F31C882AE200BC4CE5 /* HAHAManhua */,
				7AF931F21C882AE100BC4CE5 /* Products */,
				C755F5CE4BCD43043053F43E /* Pods */,
				5628159AF573E6B419BFF384 /* Frameworks */,
			);
			sourceTree = "<group>";
		};
		7AF931F21C882AE100BC4CE5 /* Products */ = {
			isa = PBXGroup;
			children = (
				7AF931F11C882AE100BC4CE5 /* HAHAManhua.app */,
			);
			name = Products;
			sourceTree = "<group>";
		};
		7AF931F31C882AE200BC4CE5 /* HAHAManhua */ = {
			isa = PBXGroup;
			children = (
				7AF932051C88366500BC4CE5 /* Classes */,
				7AF932121C88367A00BC4CE5 /* Library */,
				7AF931F71C882AE200BC4CE5 /* AppDelegate.h */,
				7AF931F81C882AE200BC4CE5 /* AppDelegate.m */,
				7AF931FA1C882AE200BC4CE5 /* Assets.xcassets */,
				7AF931FC1C882AE200BC4CE5 /* LaunchScreen.storyboard */,
				7AF931FF1C882AE200BC4CE5 /* Info.plist */,
				7AF931F41C882AE200BC4CE5 /* Supporting Files */,
			);
			path = HAHAManhua;
			sourceTree = "<group>";
		};
		7AF931F41C882AE200BC4CE5 /* Supporting Files */ = {
			isa = PBXGroup;
			children = (
				7AF931F51C882AE200BC4CE5 /* main.m */,
			);
			name = "Supporting Files";
			sourceTree = "<group>";
		};
		7AF932051C88366500BC4CE5 /* Classes */ = {
			isa = PBXGroup;
			children = (
				7AC42CBF1C8ED74E006117FA /* baoDownLoad */,
				7AC42C781C8E6C03006117FA /* login */,
				7AF9320A1C88366500BC4CE5 /* Main */,
			);
			path = Classes;
			sourceTree = "<group>";
		};
		7AF9320A1C88366500BC4CE5 /* Main */ = {
			isa = PBXGroup;
			children = (
				7AF9320B1C88366500BC4CE5 /* Modeles */,
				7AF9320C1C88366500BC4CE5 /* ViewControllers */,
				7AF9320D1C88366500BC4CE5 /* Views */,
			);
			path = Main;
			sourceTree = "<group>";
		};
		7AF9320B1C88366500BC4CE5 /* Modeles */ = {
			isa = PBXGroup;
			children = (
				7A45B0361C8918B30069369A /* MainModel.h */,
				7A45B0371C8918B30069369A /* MainModel.m */,
				7A8869781C89951A00141DC4 /* Property List.plist */,
				7AE6D87E1C8C5FA600116BDA /* YingYuan.plist */,
				7A6ACE3B1C8CFEE2009CDA01 /* YingYuanModel.h */,
				7A6ACE3C1C8CFEE2009CDA01 /* YingYuanModel.m */,
				7A6ACE411C8D1735009CDA01 /* TwoMovies.plist */,
				7A6ACE431C8D17D4009CDA01 /* TwoMoviesModel.h */,
				7A6ACE441C8D17D4009CDA01 /* TwoMoviesModel.m */,
				7A6ACE551C8D5FDF009CDA01 /* comments.plist */,
				7A6ACE571C8D6E5C009CDA01 /* DetailModel.h */,
				7A6ACE581C8D6E5C009CDA01 /* DetailModel.m */,
				7A47AD511C9042D7006E5CC8 /* SqliteManager.h */,
				7A47AD521C9042D7006E5CC8 /* SqliteManager.m */,
			);
			path = Modeles;
			sourceTree = "<group>";
		};
		7AF9320C1C88366500BC4CE5 /* ViewControllers */ = {
			isa = PBXGroup;
			children = (
				7AF932161C8839D700BC4CE5 /* MainViewController.h */,
				7AF932171C8839D700BC4CE5 /* MainViewController.m */,
				7AE6D8731C8C210B00116BDA /* BaozouMHViewController.h */,
				7AE6D8741C8C210B00116BDA /* BaozouMHViewController.m */,
				7AE6D8761C8C4ECE00116BDA /* BaouYingYuanViewController.h */,
				7AE6D8771C8C4ECE00116BDA /* BaouYingYuanViewController.m */,
				7A6ACE3E1C8D0ECC009CDA01 /* TwoYingYuanViewController.h */,
				7A6ACE3F1C8D0ECC009CDA01 /* TwoYingYuanViewController.m */,
				7A6ACE4B1C8D2D5C009CDA01 /* DetailViewController.h */,
				7A6ACE4C1C8D2D5C009CDA01 /* DetailViewController.m */,
				7A6ACE5A1C8D8A3A009CDA01 /* VideoViewController.h */,
				7A6ACE5B1C8D8A3A009CDA01 /* VideoViewController.m */,
				7A6ACE5D1C8D9F95009CDA01 /* SetViewController.h */,
				7A6ACE5E1C8D9F95009CDA01 /* SetViewController.m */,
				7A47ACC41C90066D006E5CC8 /* CommentsViewController.h */,
				7A47ACC51C90066D006E5CC8 /* CommentsViewController.m */,
				7AD571001C9248FC00645059 /* CollectionViewController.h */,
				7AD571011C9248FD00645059 /* CollectionViewController.m */,
			);
			path = ViewControllers;
			sourceTree = "<group>";
		};
		7AF9320D1C88366500BC4CE5 /* Views */ = {
			isa = PBXGroup;
			children = (
				7AC42CB11C8EB3CE006117FA /* ShareView.h */,
				7AC42CB21C8EB3CE006117FA /* ShareView.m */,
				7AF932191C8839F600BC4CE5 /* MainStoryboard.storyboard */,
				7A8A4ACC1C8AB1580042E440 /* classView.h */,
				7A8A4ACD1C8AB1580042E440 /* classView.m */,
				7A8A4ACF1C8ADF450042E440 /* TableViewCell.h */,
				7A8A4AD01C8ADF450042E440 /* TableViewCell.m */,
				7AE6D8791C8C589600116BDA /* YIngYuanTableViewCell.h */,
				7AE6D87A1C8C589600116BDA /* YIngYuanTableViewCell.m */,
				7AE6D87B1C8C589600116BDA /* YIngYuanTableViewCell.xib */,
				7A6ACE461C8D2054009CDA01 /* TwoTableViewCell.h */,
				7A6ACE471C8D2054009CDA01 /* TwoTableViewCell.m */,
				7A6ACE481C8D2054009CDA01 /* TwoTableViewCell.xib */,
				7AC42C6F1C8E50C6006117FA /* DetailTableViewCell.h */,
				7AC42C701C8E50C6006117FA /* DetailTableViewCell.m */,
			);
			path = Views;
			sourceTree = "<group>";
		};
		7AF932121C88367A00BC4CE5 /* Library */ = {
			isa = PBXGroup;
			children = (
				7AC42C8C1C8EAD91006117FA /* libWeiboSDK */,
				7AC42C871C8EAD7F006117FA /* SDKExport */,
				7AC42C721C8E65CB006117FA /* ProgressHUD */,
				7AF932331C88446500BC4CE5 /* PullingRefreshTableView */,
				7AF932261C88443200BC4CE5 /* VOSegmentedControl */,
				7AF932141C8837CB00BC4CE5 /* Tools */,
			);
			path = Library;
			sourceTree = "<group>";
		};
		7AF932141C8837CB00BC4CE5 /* Tools */ = {
			isa = PBXGroup;
			children = (
				7AC42CB71C8EC7D2006117FA /* Reachability */,
				7AC42CB41C8EC7CE006117FA /* ZMYNetManager.m */,
				7AC42CB51C8EC7CE006117FA /* ZMYNetManager.h */,
				7AF9321B1C883A2000BC4CE5 /* Prefix.pch */,
				7AF932401C8867C500BC4CE5 /* HADefine.h */,
				7A32C5971C8A70450038CB71 /* UIView+UIViewExtension.h */,
				7A32C5981C8A70450038CB71 /* UIView+UIViewExtension.m */,
				7A45B04F1C8969FE0069369A /* UIViewController+common.h */,
				7A45B0501C8969FE0069369A /* UIViewController+common.m */,
			);
			path = Tools;
			sourceTree = "<group>";
		};
		7AF932261C88443200BC4CE5 /* VOSegmentedControl */ = {
			isa = PBXGroup;
			children = (
				7AF932271C88443200BC4CE5 /* VOContentLayer.h */,
				7AF932281C88443200BC4CE5 /* VOContentLayer.m */,
				7AF932291C88443200BC4CE5 /* VOIndicatorAnimation.h */,
				7AF9322A1C88443200BC4CE5 /* VOIndicatorAnimation.m */,
				7AF9322B1C88443200BC4CE5 /* VOSegment.h */,
				7AF9322C1C88443200BC4CE5 /* VOSegment.m */,
				7AF9322D1C88443300BC4CE5 /* VOSegmentedControl.h */,
				7AF9322E1C88443300BC4CE5 /* VOSegmentedControl.m */,
			);
			path = VOSegmentedControl;
			sourceTree = "<group>";
		};
		7AF932331C88446500BC4CE5 /* PullingRefreshTableView */ = {
			isa = PBXGroup;
			children = (
				7AF932341C88446500BC4CE5 /* blueArrow.png */,
				7AF932351C88446500BC4CE5 /* blueArrowDown.png */,
				7AF932361C88446500BC4CE5 /* PullingRefreshTableView.h */,
				7AF932371C88446500BC4CE5 /* PullingRefreshTableView.m */,
			);
			path = PullingRefreshTableView;
			sourceTree = "<group>";
		};
		C755F5CE4BCD43043053F43E /* Pods */ = {
			isa = PBXGroup;
			children = (
				338B6EA17DD01D2BB207D50D /* Pods.debug.xcconfig */,
				097A899506DA2E1F6F88EA72 /* Pods.release.xcconfig */,
			);
			name = Pods;
			sourceTree = "<group>";
		};
/* End PBXGroup section */

/* Begin PBXNativeTarget section */
		7AF931F01C882AE100BC4CE5 /* HAHAManhua */ = {
			isa = PBXNativeTarget;
			buildConfigurationList = 7AF932021C882AE200BC4CE5 /* Build configuration list for PBXNativeTarget "HAHAManhua" */;
			buildPhases = (
				F349E937E943E6A7F85B1374 /* Check Pods Manifest.lock */,
				7AF931ED1C882AE100BC4CE5 /* Sources */,
				7AF931EE1C882AE100BC4CE5 /* Frameworks */,
				7AF931EF1C882AE100BC4CE5 /* Resources */,
				7BBEF8C9323BE1F73DA21F08 /* Embed Pods Frameworks */,
				EEC7D868AAF0C4E41716D7DF /* Copy Pods Resources */,
			);
			buildRules = (
			);
			dependencies = (
			);
			name = HAHAManhua;
			productName = HAHAManhua;
			productReference = 7AF931F11C882AE100BC4CE5 /* HAHAManhua.app */;
			productType = "com.apple.product-type.application";
		};
/* End PBXNativeTarget section */

/* Begin PBXProject section */
		7AF931E91C882AE100BC4CE5 /* Project object */ = {
			isa = PBXProject;
			attributes = {
				LastUpgradeCheck = 0720;
				ORGANIZATIONNAME = WangXiaoQi;
				TargetAttributes = {
					7AF931F01C882AE100BC4CE5 = {
						CreatedOnToolsVersion = 7.2.1;
					};
				};
			};
			buildConfigurationList = 7AF931EC1C882AE100BC4CE5 /* Build configuration list for PBXProject "HAHAManhua" */;
			compatibilityVersion = "Xcode 3.2";
			developmentRegion = English;
			hasScannedForEncodings = 0;
			knownRegions = (
				en,
				Base,
			);
			mainGroup = 7AF931E81C882AE100BC4CE5;
			productRefGroup = 7AF931F21C882AE100BC4CE5 /* Products */;
			projectDirPath = "";
			projectRoot = "";
			targets = (
				7AF931F01C882AE100BC4CE5 /* HAHAManhua */,
			);
		};
/* End PBXProject section */

/* Begin PBXResourcesBuildPhase section */
		7AF931EF1C882AE100BC4CE5 /* Resources */ = {
			isa = PBXResourcesBuildPhase;
			buildActionMask = 2147483647;
			files = (
				7AC42CCE1C8EF78F006117FA /* DownloadCollectionViewCell.xib in Resources */,
				7AC42CBC1C8EC7D2006117FA /* LICENCE.txt in Resources */,
				7AF932391C88446500BC4CE5 /* blueArrowDown.png in Resources */,
				7AF9321A1C8839F600BC4CE5 /* MainStoryboard.storyboard in Resources */,
				7AF931FB1C882AE200BC4CE5 /* Assets.xcassets in Resources */,
				7AC42CC41C8ED7BB006117FA /* baoDownLoadStoryboard.storyboard in Resources */,
				7A6ACE561C8D5FDF009CDA01 /* comments.plist in Resources */,
				7AE6D87D1C8C589600116BDA /* YIngYuanTableViewCell.xib in Resources */,
				7A6ACE4A1C8D2054009CDA01 /* TwoTableViewCell.xib in Resources */,
				7AE6D87F1C8C5FA600116BDA /* YingYuan.plist in Resources */,
				7AC42CC91C8EF708006117FA /* download.plist in Resources */,
				7A6ACE421C8D1735009CDA01 /* TwoMovies.plist in Resources */,
				7AC42C761C8E65CB006117FA /* ProgressHUD.bundle in Resources */,
				7AF932381C88446500BC4CE5 /* blueArrow.png in Resources */,
				7AF931FE1C882AE200BC4CE5 /* LaunchScreen.storyboard in Resources */,
				7AC42C9A1C8EAD92006117FA /* WeiboSDK.bundle in Resources */,
				7AC42C801C8E6C76006117FA /* login.storyboard in Resources */,
				7A8869791C89951A00141DC4 /* Property List.plist in Resources */,
			);
			runOnlyForDeploymentPostprocessing = 0;
		};
/* End PBXResourcesBuildPhase section */

/* Begin PBXShellScriptBuildPhase section */
		7BBEF8C9323BE1F73DA21F08 /* Embed Pods Frameworks */ = {
			isa = PBXShellScriptBuildPhase;
			buildActionMask = 2147483647;
			files = (
			);
			inputPaths = (
			);
			name = "Embed Pods Frameworks";
			outputPaths = (
			);
			runOnlyForDeploymentPostprocessing = 0;
			shellPath = /bin/sh;
			shellScript = "\"${SRCROOT}/Pods/Target Support Files/Pods/Pods-frameworks.sh\"\n";
			showEnvVarsInLog = 0;
		};
		EEC7D868AAF0C4E41716D7DF /* Copy Pods Resources */ = {
			isa = PBXShellScriptBuildPhase;
			buildActionMask = 2147483647;
			files = (
			);
			inputPaths = (
			);
			name = "Copy Pods Resources";
			outputPaths = (
			);
			runOnlyForDeploymentPostprocessing = 0;
			shellPath = /bin/sh;
			shellScript = "\"${SRCROOT}/Pods/Target Support Files/Pods/Pods-resources.sh\"\n";
			showEnvVarsInLog = 0;
		};
		F349E937E943E6A7F85B1374 /* Check Pods Manifest.lock */ = {
			isa = PBXShellScriptBuildPhase;
			buildActionMask = 2147483647;
			files = (
			);
			inputPaths = (
			);
			name = "Check Pods Manifest.lock";
			outputPaths = (
			);
			runOnlyForDeploymentPostprocessing = 0;
			shellPath = /bin/sh;
			shellScript = "diff \"${PODS_ROOT}/../Podfile.lock\" \"${PODS_ROOT}/Manifest.lock\" > /dev/null\nif [[ $? != 0 ]] ; then\n    cat << EOM\nerror: The sandbox is not in sync with the Podfile.lock. Run 'pod install' or update your CocoaPods installation.\nEOM\n    exit 1\nfi\n";
			showEnvVarsInLog = 0;
		};
/* End PBXShellScriptBuildPhase section */

/* Begin PBXSourcesBuildPhase section */
		7AF931ED1C882AE100BC4CE5 /* Sources */ = {
			isa = PBXSourcesBuildPhase;
			buildActionMask = 2147483647;
			files = (
				7A47AD531C9042D7006E5CC8 /* SqliteManager.m in Sources */,
				7A6ACE451C8D17D4009CDA01 /* TwoMoviesModel.m in Sources */,
				7AF931F91C882AE200BC4CE5 /* AppDelegate.m in Sources */,
				7AC42C711C8E50C6006117FA /* DetailTableViewCell.m in Sources */,
				7A6ACE3D1C8CFEE2009CDA01 /* YingYuanModel.m in Sources */,
				7AF932301C88443300BC4CE5 /* VOIndicatorAnimation.m in Sources */,
				7AC42C7E1C8E6C5E006117FA /* LoginViewController.m in Sources */,
				7AF9323A1C88446500BC4CE5 /* PullingRefreshTableView.m in Sources */,
				7A6ACE591C8D6E5C009CDA01 /* DetailModel.m in Sources */,
				7AF932181C8839D700BC4CE5 /* MainViewController.m in Sources */,
				7A45B0511C8969FE0069369A /* UIViewController+common.m in Sources */,
				7AF931F61C882AE200BC4CE5 /* main.m in Sources */,
				7AC42CBD1C8EC7D2006117FA /* Reachability.m in Sources */,
				7AC42CCD1C8EF78F006117FA /* DownloadCollectionViewCell.m in Sources */,
				7AC42C831C8E7538006117FA /* RegisterViewController.m in Sources */,
				7A8A4AD11C8ADF450042E440 /* TableViewCell.m in Sources */,
				7AF9322F1C88443300BC4CE5 /* VOContentLayer.m in Sources */,
				7A47ACC61C90066D006E5CC8 /* CommentsViewController.m in Sources */,
				7A6ACE491C8D2054009CDA01 /* TwoTableViewCell.m in Sources */,
				7A8A4ACE1C8AB1580042E440 /* classView.m in Sources */,
				7AC42C771C8E65CB006117FA /* ProgressHUD.m in Sources */,
				7AE6D87C1C8C589600116BDA /* YIngYuanTableViewCell.m in Sources */,
				7A6ACE5C1C8D8A3A009CDA01 /* VideoViewController.m in Sources */,
				7AD571021C9248FD00645059 /* CollectionViewController.m in Sources */,
				7A32C5991C8A70450038CB71 /* UIView+UIViewExtension.m in Sources */,
				7A45B0381C8918B30069369A /* MainModel.m in Sources */,
				7AC42CBE1C8EC7D2006117FA /* README.md in Sources */,
				7AF932311C88443300BC4CE5 /* VOSegment.m in Sources */,
				7AF932321C88443300BC4CE5 /* VOSegmentedControl.m in Sources */,
				7A47AC7C1C8FBFF8006E5CC8 /* ManHuaViewController.m in Sources */,
				7A6ACE401C8D0ECC009CDA01 /* TwoYingYuanViewController.m in Sources */,
				7AE6D8781C8C4ECE00116BDA /* BaouYingYuanViewController.m in Sources */,
				7AC42CD11C8EFD87006117FA /* DownloadModel.m in Sources */,
				7AE6D8751C8C210B00116BDA /* BaozouMHViewController.m in Sources */,
				7AC42CB61C8EC7CE006117FA /* ZMYNetManager.m in Sources */,
				7A6ACE5F1C8D9F95009CDA01 /* SetViewController.m in Sources */,
				7AC42CB31C8EB3CE006117FA /* ShareView.m in Sources */,
				7A6ACE4D1C8D2D5C009CDA01 /* DetailViewController.m in Sources */,
				7AC42CC71C8EEB18006117FA /* DownloadViewController.m in Sources */,
			);
			runOnlyForDeploymentPostprocessing = 0;
		};
/* End PBXSourcesBuildPhase section */

/* Begin PBXVariantGroup section */
		7AF931FC1C882AE200BC4CE5 /* LaunchScreen.storyboard */ = {
			isa = PBXVariantGroup;
			children = (
				7AF931FD1C882AE200BC4CE5 /* Base */,
			);
			name = LaunchScreen.storyboard;
			sourceTree = "<group>";
		};
/* End PBXVariantGroup section */

/* Begin XCBuildConfiguration section */
		7AF932001C882AE200BC4CE5 /* Debug */ = {
			isa = XCBuildConfiguration;
			buildSettings = {
				ALWAYS_SEARCH_USER_PATHS = NO;
				CLANG_CXX_LANGUAGE_STANDARD = "gnu++0x";
				CLANG_CXX_LIBRARY = "libc++";
				CLANG_ENABLE_MODULES = YES;
				CLANG_ENABLE_OBJC_ARC = YES;
				CLANG_WARN_BOOL_CONVERSION = YES;
				CLANG_WARN_CONSTANT_CONVERSION = YES;
				CLANG_WARN_DIRECT_OBJC_ISA_USAGE = YES_ERROR;
				CLANG_WARN_EMPTY_BODY = YES;
				CLANG_WARN_ENUM_CONVERSION = YES;
				CLANG_WARN_INT_CONVERSION = YES;
				CLANG_WARN_OBJC_ROOT_CLASS = YES_ERROR;
				CLANG_WARN_UNREACHABLE_CODE = YES;
				CLANG_WARN__DUPLICATE_METHOD_MATCH = YES;
				"CODE_SIGN_IDENTITY[sdk=iphoneos*]" = "iPhone Developer";
				COPY_PHASE_STRIP = NO;
				DEBUG_INFORMATION_FORMAT = dwarf;
				ENABLE_STRICT_OBJC_MSGSEND = YES;
				ENABLE_TESTABILITY = YES;
				GCC_C_LANGUAGE_STANDARD = gnu99;
				GCC_DYNAMIC_NO_PIC = NO;
				GCC_NO_COMMON_BLOCKS = YES;
				GCC_OPTIMIZATION_LEVEL = 0;
				GCC_PREPROCESSOR_DEFINITIONS = (
					"DEBUG=1",
					"$(inherited)",
				);
				GCC_WARN_64_TO_32_BIT_CONVERSION = YES;
				GCC_WARN_ABOUT_RETURN_TYPE = YES_ERROR;
				GCC_WARN_UNDECLARED_SELECTOR = YES;
				GCC_WARN_UNINITIALIZED_AUTOS = YES_AGGRESSIVE;
				GCC_WARN_UNUSED_FUNCTION = YES;
				GCC_WARN_UNUSED_VARIABLE = YES;
				IPHONEOS_DEPLOYMENT_TARGET = 7.0;
				MTL_ENABLE_DEBUG_INFO = YES;
				ONLY_ACTIVE_ARCH = YES;
				SDKROOT = iphoneos;
			};
			name = Debug;
		};
		7AF932011C882AE200BC4CE5 /* Release */ = {
			isa = XCBuildConfiguration;
			buildSettings = {
				ALWAYS_SEARCH_USER_PATHS = NO;
				CLANG_CXX_LANGUAGE_STANDARD = "gnu++0x";
				CLANG_CXX_LIBRARY = "libc++";
				CLANG_ENABLE_MODULES = YES;
				CLANG_ENABLE_OBJC_ARC = YES;
				CLANG_WARN_BOOL_CONVERSION = YES;
				CLANG_WARN_CONSTANT_CONVERSION = YES;
				CLANG_WARN_DIRECT_OBJC_ISA_USAGE = YES_ERROR;
				CLANG_WARN_EMPTY_BODY = YES;
				CLANG_WARN_ENUM_CONVERSION = YES;
				CLANG_WARN_INT_CONVERSION = YES;
				CLANG_WARN_OBJC_ROOT_CLASS = YES_ERROR;
				CLANG_WARN_UNREACHABLE_CODE = YES;
				CLANG_WARN__DUPLICATE_METHOD_MATCH = YES;
				"CODE_SIGN_IDENTITY[sdk=iphoneos*]" = "iPhone Developer";
				COPY_PHASE_STRIP = NO;
				DEBUG_INFORMATION_FORMAT = "dwarf-with-dsym";
				ENABLE_NS_ASSERTIONS = NO;
				ENABLE_STRICT_OBJC_MSGSEND = YES;
				GCC_C_LANGUAGE_STANDARD = gnu99;
				GCC_NO_COMMON_BLOCKS = YES;
				GCC_WARN_64_TO_32_BIT_CONVERSION = YES;
				GCC_WARN_ABOUT_RETURN_TYPE = YES_ERROR;
				GCC_WARN_UNDECLARED_SELECTOR = YES;
				GCC_WARN_UNINITIALIZED_AUTOS = YES_AGGRESSIVE;
				GCC_WARN_UNUSED_FUNCTION = YES;
				GCC_WARN_UNUSED_VARIABLE = YES;
				IPHONEOS_DEPLOYMENT_TARGET = 7.0;
				MTL_ENABLE_DEBUG_INFO = NO;
				SDKROOT = iphoneos;
				VALIDATE_PRODUCT = YES;
			};
			name = Release;
		};
		7AF932031C882AE200BC4CE5 /* Debug */ = {
			isa = XCBuildConfiguration;
			baseConfigurationReference = 338B6EA17DD01D2BB207D50D /* Pods.debug.xcconfig */;
			buildSettings = {
				ASSETCATALOG_COMPILER_APPICON_NAME = AppIcon;
				ENABLE_BITCODE = YES;
				FRAMEWORK_SEARCH_PATHS = (
					"$(inherited)",
					"$(PROJECT_DIR)",
				);
				GCC_PRECOMPILE_PREFIX_HEADER = YES;
				GCC_PREFIX_HEADER = "$(SRCROOT)/HAHAManhua/Library/Tools/Prefix.pch";
				GCC_PREPROCESSOR_DEFINITIONS = (
					"$(inherited)",
					"COCOAPODS=1",
					"SD_WEBP=1",
				);
				INFOPLIST_FILE = HAHAManhua/Info.plist;
				IPHONEOS_DEPLOYMENT_TARGET = 7.0;
				LD_RUNPATH_SEARCH_PATHS = "$(inherited) @executable_path/Frameworks";
				LIBRARY_SEARCH_PATHS = (
					"$(inherited)",
					"$(PROJECT_DIR)/HAHAManhua/Library/SDKExport",
					"$(PROJECT_DIR)/HAHAManhua/Library/libWeiboSDK",
				);
				PRODUCT_BUNDLE_IDENTIFIER = com.Mangoinc.HAHAManhua;
				PRODUCT_NAME = "$(TARGET_NAME)";
			};
			name = Debug;
		};
		7AF932041C882AE200BC4CE5 /* Release */ = {
			isa = XCBuildConfiguration;
			baseConfigurationReference = 097A899506DA2E1F6F88EA72 /* Pods.release.xcconfig */;
			buildSettings = {
				ASSETCATALOG_COMPILER_APPICON_NAME = AppIcon;
				ENABLE_BITCODE = YES;
				FRAMEWORK_SEARCH_PATHS = (
					"$(inherited)",
					"$(PROJECT_DIR)",
				);
				GCC_PRECOMPILE_PREFIX_HEADER = YES;
				GCC_PREFIX_HEADER = "$(SRCROOT)/HAHAManhua/Library/Tools/Prefix.pch";
				GCC_PREPROCESSOR_DEFINITIONS = (
					"$(inherited)",
					"COCOAPODS=1",
					"SD_WEBP=1",
				);
				INFOPLIST_FILE = HAHAManhua/Info.plist;
				IPHONEOS_DEPLOYMENT_TARGET = 7.0;
				LD_RUNPATH_SEARCH_PATHS = "$(inherited) @executable_path/Frameworks";
				LIBRARY_SEARCH_PATHS = (
					"$(inherited)",
					"$(PROJECT_DIR)/HAHAManhua/Library/SDKExport",
					"$(PROJECT_DIR)/HAHAManhua/Library/libWeiboSDK",
				);
				PRODUCT_BUNDLE_IDENTIFIER = com.Mangoinc.HAHAManhua;
				PRODUCT_NAME = "$(TARGET_NAME)";
			};
			name = Release;
		};
/* End XCBuildConfiguration section */

/* Begin XCConfigurationList section */
		7AF931EC1C882AE100BC4CE5 /* Build configuration list for PBXProject "HAHAManhua" */ = {
			isa = XCConfigurationList;
			buildConfigurations = (
				7AF932001C882AE200BC4CE5 /* Debug */,
				7AF932011C882AE200BC4CE5 /* Release */,
			);
			defaultConfigurationIsVisible = 0;
			defaultConfigurationName = Debug;
		};
		7AF932021C882AE200BC4CE5 /* Build configuration list for PBXNativeTarget "HAHAManhua" */ = {
			isa = XCConfigurationList;
			buildConfigurations = (
				7AF932031C882AE200BC4CE5 /* Debug */,
				7AF932041C882AE200BC4CE5 /* Release */,
			);
			defaultConfigurationIsVisible = 0;
			defaultConfigurationName = Debug;
		};
/* End XCConfigurationList section */
	};
	rootObject = 7AF931E91C882AE100BC4CE5 /* Project object */;
}
